
Microsoft Visual Studio Solution File, Format Version 12.00
# Visual Studio Version 17
VisualStudioVersion = 17.11.35327.3
MinimumVisualStudioVersion = 10.0.40219.1
Project("{FAE04EC0-301F-11D3-BF4B-00C04F79EFBC}") = "Lab01_HoangChiTrung", "Lab01_HoangChiTrung.csproj", "{A79B44EB-F3CB-4D40-92E7-4C6D3CAB7E86}"
EndProject
Project("{FAE04EC0-301F-11D3-BF4B-00C04F79EFBC}") = "Lab01_HoangChiTrung_Exercise2", "..\Lab01_HoangChiTrung_Exercise2\Lab01_HoangChiTrung_Exercise2.csproj", "{C219CC8D-07F6-46E7-BDC6-CAB2BE769396}"
EndProject
Project("{FAE04EC0-301F-11D3-BF4B-00C04F79EFBC}") = "Lab01_HoangChiTrung_Exercise3", "..\Lab01_HoangChiTrung_Exercise3\Lab01_HoangChiTrung_Exercise3.csproj", "{F39FEC87-63FD-4285-9BD1-07B1D084A506}"
EndProject
Project("{FAE04EC0-301F-11D3-BF4B-00C04F79EFBC}") = "Lab01_HoangChiTrung_Exercise4", "..\Lab01_HoangChiTrung_Exercise4\Lab01_HoangChiTrung_Exercise4.csproj", "{2CEBBFE7-06F7-4BAD-8DF3-BC3ABD19AD9B}"
EndProject
Project("{FAE04EC0-301F-11D3-BF4B-00C04F79EFBC}") = "Lab01_HoangChiTrung_Homework", "..\Lab01_HoangChiTrung_Homework\Lab01_HoangChiTrung_Homework.csproj", "{53195884-E956-4CD5-A67D-33FDA5E2D560}"
EndProject
Global
	GlobalSection(SolutionConfigurationPlatforms) = preSolution
		Debug|Any CPU = Debug|Any CPU
		Release|Any CPU = Release|Any CPU
	EndGlobalSection
	GlobalSection(ProjectConfigurationPlatforms) = postSolution
		{A79B44EB-F3CB-4D40-92E7-4C6D3CAB7E86}.Debug|Any CPU.ActiveCfg = Debug|Any CPU
		{A79B44EB-F3CB-4D40-92E7-4C6D3CAB7E86}.Debug|Any CPU.Build.0 = Debug|Any CPU
		{A79B44EB-F3CB-4D40-92E7-4C6D3CAB7E86}.Release|Any CPU.ActiveCfg = Release|Any CPU
		{A79B44EB-F3CB-4D40-92E7-4C6D3CAB7E86}.Release|Any CPU.Build.0 = Release|Any CPU
		{C219CC8D-07F6-46E7-BDC6-CAB2BE769396}.Debug|Any CPU.ActiveCfg = Debug|Any CPU
		{C219CC8D-07F6-46E7-BDC6-CAB2BE769396}.Debug|Any CPU.Build.0 = Debug|Any CPU
		{C219CC8D-07F6-46E7-BDC6-CAB2BE769396}.Release|Any CPU.ActiveCfg = Release|Any CPU
		{C219CC8D-07F6-46E7-BDC6-CAB2BE769396}.Release|Any CPU.Build.0 = Release|Any CPU
		{F39FEC87-63FD-4285-9BD1-07B1D084A506}.Debug|Any CPU.ActiveCfg = Debug|Any CPU
		{F39FEC87-63FD-4285-9BD1-07B1D084A506}.Debug|Any CPU.Build.0 = Debug|Any CPU
		{F39FEC87-63FD-4285-9BD1-07B1D084A506}.Release|Any CPU.ActiveCfg = Release|Any CPU
		{F39FEC87-63FD-4285-9BD1-07B1D084A506}.Release|Any CPU.Build.0 = Release|Any CPU
		{2CEBBFE7-06F7-4BAD-8DF3-BC3ABD19AD9B}.Debug|Any CPU.ActiveCfg = Debug|Any CPU
		{2CEBBFE7-06F7-4BAD-8DF3-BC3ABD19AD9B}.Debug|Any CPU.Build.0 = Debug|Any CPU
		{2CEBBFE7-06F7-4BAD-8DF3-BC3ABD19AD9B}.Release|Any CPU.ActiveCfg = Release|Any CPU
		{2CEBBFE7-06F7-4BAD-8DF3-BC3ABD19AD9B}.Release|Any CPU.Build.0 = Release|Any CPU
		{53195884-E956-4CD5-A67D-33FDA5E2D560}.Debug|Any CPU.ActiveCfg = Debug|Any CPU
		{53195884-E956-4CD5-A67D-33FDA5E2D560}.Debug|Any CPU.Build.0 = Debug|Any CPU
		{53195884-E956-4CD5-A67D-33FDA5E2D560}.Release|Any CPU.ActiveCfg = Release|Any CPU
		{53195884-E956-4CD5-A67D-33FDA5E2D560}.Release|Any CPU.Build.0 = Release|Any CPU
	EndGlobalSection
	GlobalSection(SolutionProperties) = preSolution
		HideSolutionNode = FALSE
	EndGlobalSection
	GlobalSection(ExtensibilityGlobals) = postSolution
		SolutionGuid = {4D0AF196-56F3-45DB-9F5B-356884CC7A8A}
	EndGlobalSection
EndGlobal
