
Microsoft Visual Studio Solution File, Format Version 12.00
# Visual Studio Version 17
VisualStudioVersion = 17.11.35327.3
MinimumVisualStudioVersion = 10.0.40219.1
Project("{FAE04EC0-301F-11D3-BF4B-00C04F79EFBC}") = "API", "API\API.csproj", "{5F4CE9A1-4631-4CE1-9E66-43CEF13C274E}"
EndProject
Global
	GlobalSection(SolutionConfigurationPlatforms) = preSolution
		Debug|Any CPU = Debug|Any CPU
		Release|Any CPU = Release|Any CPU
	EndGlobalSection
	GlobalSection(ProjectConfigurationPlatforms) = postSolution
		{5F4CE9A1-4631-4CE1-9E66-43CEF13C274E}.Debug|Any CPU.ActiveCfg = Debug|Any CPU
		{5F4CE9A1-4631-4CE1-9E66-43CEF13C274E}.Debug|Any CPU.Build.0 = Debug|Any CPU
		{5F4CE9A1-4631-4CE1-9E66-43CEF13C274E}.Release|Any CPU.ActiveCfg = Release|Any CPU
		{5F4CE9A1-4631-4CE1-9E66-43CEF13C274E}.Release|Any CPU.Build.0 = Release|Any CPU
	EndGlobalSection
	GlobalSection(SolutionProperties) = preSolution
		HideSolutionNode = FALSE
	EndGlobalSection
	GlobalSection(ExtensibilityGlobals) = postSolution
		SolutionGuid = {64C52414-1CD4-4F4B-8D2C-252A9E9D3941}
	EndGlobalSection
EndGlobal
